
Microsoft Visual Studio Solution File, Format Version 12.00
# Visual Studio 2017
Project("{FAE04EC0-301F-11D3-BF4B-00C04F79EFBC}") = "NoPantsKnight.Plugins", "NoPantsKnight.Plugins.csproj", "{5D77C822-B9B5-4C18-7158-190F3F759D24}"
EndProject
Project("{FAE04EC0-301F-11D3-BF4B-00C04F79EFBC}") = "NoPantsKnight", "NoPantsKnight.csproj", "{347E3E4E-1ACF-6220-274A-A8CD644CB6C5}"
EndProject
Global
	GlobalSection(SolutionConfigurationPlatforms) = preSolution
		Debug|Any CPU = Debug|Any CPU
		Release|Any CPU = Release|Any CPU
	EndGlobalSection
	GlobalSection(ProjectConfigurationPlatforms) = postSolution
		{5D77C822-B9B5-4C18-7158-190F3F759D24}.Debug|Any CPU.ActiveCfg = Debug|Any CPU
		{5D77C822-B9B5-4C18-7158-190F3F759D24}.Debug|Any CPU.Build.0 = Debug|Any CPU
		{5D77C822-B9B5-4C18-7158-190F3F759D24}.Release|Any CPU.ActiveCfg = Release|Any CPU
		{5D77C822-B9B5-4C18-7158-190F3F759D24}.Release|Any CPU.Build.0 = Release|Any CPU
		{347E3E4E-1ACF-6220-274A-A8CD644CB6C5}.Debug|Any CPU.ActiveCfg = Debug|Any CPU
		{347E3E4E-1ACF-6220-274A-A8CD644CB6C5}.Debug|Any CPU.Build.0 = Debug|Any CPU
		{347E3E4E-1ACF-6220-274A-A8CD644CB6C5}.Release|Any CPU.ActiveCfg = Release|Any CPU
		{347E3E4E-1ACF-6220-274A-A8CD644CB6C5}.Release|Any CPU.Build.0 = Release|Any CPU
	EndGlobalSection
	GlobalSection(SolutionProperties) = preSolution
		HideSolutionNode = FALSE
	EndGlobalSection
EndGlobal
