
Microsoft Visual Studio Solution File, Format Version 11.00
# Visual Studio 2010
Project("{FAE04EC0-301F-11D3-BF4B-00C04F79EFBC}") = "NoPantsKnight", "Assembly-CSharp-firstpass.csproj", "{6B86C420-ACE0-1551-38FE-3F7F39D56E90}"
EndProject
Project("{FAE04EC0-301F-11D3-BF4B-00C04F79EFBC}") = "NoPantsKnight", "Assembly-CSharp.csproj", "{ECF00039-49E3-EE60-B598-F2AF31380C00}"
EndProject
Global
	GlobalSection(SolutionConfigurationPlatforms) = preSolution
		Debug|Any CPU = Debug|Any CPU
		Release|Any CPU = Release|Any CPU
	EndGlobalSection
	GlobalSection(ProjectConfigurationPlatforms) = postSolution
		{6B86C420-ACE0-1551-38FE-3F7F39D56E90}.Debug|Any CPU.ActiveCfg = Debug|Any CPU
		{6B86C420-ACE0-1551-38FE-3F7F39D56E90}.Debug|Any CPU.Build.0 = Debug|Any CPU
		{6B86C420-ACE0-1551-38FE-3F7F39D56E90}.Release|Any CPU.ActiveCfg = Release|Any CPU
		{6B86C420-ACE0-1551-38FE-3F7F39D56E90}.Release|Any CPU.Build.0 = Release|Any CPU
		{ECF00039-49E3-EE60-B598-F2AF31380C00}.Debug|Any CPU.ActiveCfg = Debug|Any CPU
		{ECF00039-49E3-EE60-B598-F2AF31380C00}.Debug|Any CPU.Build.0 = Debug|Any CPU
		{ECF00039-49E3-EE60-B598-F2AF31380C00}.Release|Any CPU.ActiveCfg = Release|Any CPU
		{ECF00039-49E3-EE60-B598-F2AF31380C00}.Release|Any CPU.Build.0 = Release|Any CPU
	EndGlobalSection
	GlobalSection(SolutionProperties) = preSolution
		HideSolutionNode = FALSE
	EndGlobalSection
	GlobalSection(MonoDevelopProperties) = preSolution
		StartupItem = Assembly-CSharp.csproj
	EndGlobalSection
EndGlobal
